// !$*UTF8*$!
{
	archiveVersion = 1;
	classes = {
	};
	objectVersion = 46;
	objects = {

/* Begin PBXBuildFile section */
		EA6CC6F51D606751002D9F43 /* AppDelegate.m in Sources */ = {isa = PBXBuildFile; fileRef = EA6CC6F41D606751002D9F43 /* AppDelegate.m */; };
		EA6CC6F81D606751002D9F43 /* main.m in Sources */ = {isa = PBXBuildFile; fileRef = EA6CC6F71D606751002D9F43 /* main.m */; };
		EA6CC6FB1D606751002D9F43 /* ViewController.m in Sources */ = {isa = PBXBuildFile; fileRef = EA6CC6FA1D606751002D9F43 /* ViewController.m */; };
		EA6CC6FD1D606751002D9F43 /* Assets.xcassets in Resources */ = {isa = PBXBuildFile; fileRef = EA6CC6FC1D606751002D9F43 /* Assets.xcassets */; };
		EA6CC7001D606751002D9F43 /* Main.storyboard in Resources */ = {isa = PBXBuildFile; fileRef = EA6CC6FE1D606751002D9F43 /* Main.storyboard */; };
		EA6CC70B1D606751002D9F43 /* videoConvertTests.m in Sources */ = {isa = PBXBuildFile; fileRef = EA6CC70A1D606751002D9F43 /* videoConvertTests.m */; };
		EA6CC7161D606751002D9F43 /* videoConvertUITests.m in Sources */ = {isa = PBXBuildFile; fileRef = EA6CC7151D606751002D9F43 /* videoConvertUITests.m */; };
/* End PBXBuildFile section */

/* Begin PBXContainerItemProxy section */
		EA6CC7071D606751002D9F43 /* PBXContainerItemProxy */ = {
			isa = PBXContainerItemProxy;
			containerPortal = EA6CC6E81D606751002D9F43 /* Project object */;
			proxyType = 1;
			remoteGlobalIDString = EA6CC6EF1D606751002D9F43;
			remoteInfo = videoConvert;
		};
		EA6CC7121D606751002D9F43 /* PBXContainerItemProxy */ = {
			isa = PBXContainerItemProxy;
			containerPortal = EA6CC6E81D606751002D9F43 /* Project object */;
			proxyType = 1;
			remoteGlobalIDString = EA6CC6EF1D606751002D9F43;
			remoteInfo = videoConvert;
		};
/* End PBXContainerItemProxy section */

/* Begin PBXFileReference section */
		EA6CC6F01D606751002D9F43 /* videoConvert.app */ = {isa = PBXFileReference; explicitFileType = wrapper.application; includeInIndex = 0; path = videoConvert.app; sourceTree = BUILT_PRODUCTS_DIR; };
		EA6CC6F31D606751002D9F43 /* AppDelegate.h */ = {isa = PBXFileReference; lastKnownFileType = sourcecode.c.h; path = AppDelegate.h; sourceTree = "<group>"; };
		EA6CC6F41D606751002D9F43 /* AppDelegate.m */ = {isa = PBXFileReference; lastKnownFileType = sourcecode.c.objc; path = AppDelegate.m; sourceTree = "<group>"; };
		EA6CC6F71D606751002D9F43 /* main.m */ = {isa = PBXFileReference; lastKnownFileType = sourcecode.c.objc; path = main.m; sourceTree = "<group>"; };
		EA6CC6F91D606751002D9F43 /* ViewController.h */ = {isa = PBXFileReference; lastKnownFileType = sourcecode.c.h; path = ViewController.h; sourceTree = "<group>"; };
		EA6CC6FA1D606751002D9F43 /* ViewController.m */ = {isa = PBXFileReference; lastKnownFileType = sourcecode.c.objc; path = ViewController.m; sourceTree = "<group>"; };
		EA6CC6FC1D606751002D9F43 /* Assets.xcassets */ = {isa = PBXFileReference; lastKnownFileType = folder.assetcatalog; path = Assets.xcassets; sourceTree = "<group>"; };
		EA6CC6FF1D606751002D9F43 /* Base */ = {isa = PBXFileReference; lastKnownFileType = file.storyboard; name = Base; path = Base.lproj/Main.storyboard; sourceTree = "<group>"; };
		EA6CC7011D606751002D9F43 /* Info.plist */ = {isa = PBXFileReference; lastKnownFileType = text.plist.xml; path = Info.plist; sourceTree = "<group>"; };
		EA6CC7061D606751002D9F43 /* videoConvertTests.xctest */ = {isa = PBXFileReference; explicitFileType = wrapper.cfbundle; includeInIndex = 0; path = videoConvertTests.xctest; sourceTree = BUILT_PRODUCTS_DIR; };
		EA6CC70A1D606751002D9F43 /* videoConvertTests.m */ = {isa = PBXFileReference; lastKnownFileType = sourcecode.c.objc; path = videoConvertTests.m; sourceTree = "<group>"; };
		EA6CC70C1D606751002D9F43 /* Info.plist */ = {isa = PBXFileReference; lastKnownFileType = text.plist.xml; path = Info.plist; sourceTree = "<group>"; };
		EA6CC7111D606751002D9F43 /* videoConvertUITests.xctest */ = {isa = PBXFileReference; explicitFileType = wrapper.cfbundle; includeInIndex = 0; path = videoConvertUITests.xctest; sourceTree = BUILT_PRODUCTS_DIR; };
		EA6CC7151D606751002D9F43 /* videoConvertUITests.m */ = {isa = PBXFileReference; lastKnownFileType = sourcecode.c.objc; path = videoConvertUITests.m; sourceTree = "<group>"; };
		EA6CC7171D606751002D9F43 /* Info.plist */ = {isa = PBXFileReference; lastKnownFileType = text.plist.xml; path = Info.plist; sourceTree = "<group>"; };
/* End PBXFileReference section */

/* Begin PBXFrameworksBuildPhase section */
		EA6CC6ED1D606751002D9F43 /* Frameworks */ = {
			isa = PBXFrameworksBuildPhase;
			buildActionMask = 2147483647;
			files = (
			);
			runOnlyForDeploymentPostprocessing = 0;
		};
		EA6CC7031D606751002D9F43 /* Frameworks */ = {
			isa = PBXFrameworksBuildPhase;
			buildActionMask = 2147483647;
			files = (
			);
			runOnlyForDeploymentPostprocessing = 0;
		};
		EA6CC70E1D606751002D9F43 /* Frameworks */ = {
			isa = PBXFrameworksBuildPhase;
			buildActionMask = 2147483647;
			files = (
			);
			runOnlyForDeploymentPostprocessing = 0;
		};
/* End PBXFrameworksBuildPhase section */

/* Begin PBXGroup section */
		EA6CC6E71D606751002D9F43 = {
			isa = PBXGroup;
			children = (
				EA6CC6F21D606751002D9F43 /* videoConvert */,
				EA6CC7091D606751002D9F43 /* videoConvertTests */,
				EA6CC7141D606751002D9F43 /* videoConvertUITests */,
				EA6CC6F11D606751002D9F43 /* Products */,
			);
			sourceTree = "<group>";
		};
		EA6CC6F11D606751002D9F43 /* Products */ = {
			isa = PBXGroup;
			children = (
				EA6CC6F01D606751002D9F43 /* videoConvert.app */,
				EA6CC7061D606751002D9F43 /* videoConvertTests.xctest */,
				EA6CC7111D606751002D9F43 /* videoConvertUITests.xctest */,
			);
			name = Products;
			sourceTree = "<group>";
		};
		EA6CC6F21D606751002D9F43 /* videoConvert */ = {
			isa = PBXGroup;
			children = (
				EA6CC6F31D606751002D9F43 /* AppDelegate.h */,
				EA6CC6F41D606751002D9F43 /* AppDelegate.m */,
				EA6CC6F91D606751002D9F43 /* ViewController.h */,
				EA6CC6FA1D606751002D9F43 /* ViewController.m */,
				EA6CC6FC1D606751002D9F43 /* Assets.xcassets */,
				EA6CC6FE1D606751002D9F43 /* Main.storyboard */,
				EA6CC7011D606751002D9F43 /* Info.plist */,
				EA6CC6F61D606751002D9F43 /* Supporting Files */,
			);
			path = videoConvert;
			sourceTree = "<group>";
		};
		EA6CC6F61D606751002D9F43 /* Supporting Files */ = {
			isa = PBXGroup;
			children = (
				EA6CC6F71D606751002D9F43 /* main.m */,
			);
			name = "Supporting Files";
			sourceTree = "<group>";
		};
		EA6CC7091D606751002D9F43 /* videoConvertTests */ = {
			isa = PBXGroup;
			children = (
				EA6CC70A1D606751002D9F43 /* videoConvertTests.m */,
				EA6CC70C1D606751002D9F43 /* Info.plist */,
			);
			path = videoConvertTests;
			sourceTree = "<group>";
		};
		EA6CC7141D606751002D9F43 /* videoConvertUITests */ = {
			isa = PBXGroup;
			children = (
				EA6CC7151D606751002D9F43 /* videoConvertUITests.m */,
				EA6CC7171D606751002D9F43 /* Info.plist */,
			);
			path = videoConvertUITests;
			sourceTree = "<group>";
		};
/* End PBXGroup section */

/* Begin PBXNativeTarget section */
		EA6CC6EF1D606751002D9F43 /* videoConvert */ = {
			isa = PBXNativeTarget;
			buildConfigurationList = EA6CC71A1D606751002D9F43 /* Build configuration list for PBXNativeTarget "videoConvert" */;
			buildPhases = (
				EA6CC6EC1D606751002D9F43 /* Sources */,
				EA6CC6ED1D606751002D9F43 /* Frameworks */,
				EA6CC6EE1D606751002D9F43 /* Resources */,
			);
			buildRules = (
			);
			dependencies = (
			);
			name = videoConvert;
			productName = videoConvert;
			productReference = EA6CC6F01D606751002D9F43 /* videoConvert.app */;
			productType = "com.apple.product-type.application";
		};
		EA6CC7051D606751002D9F43 /* videoConvertTests */ = {
			isa = PBXNativeTarget;
			buildConfigurationList = EA6CC71D1D606751002D9F43 /* Build configuration list for PBXNativeTarget "videoConvertTests" */;
			buildPhases = (
				EA6CC7021D606751002D9F43 /* Sources */,
				EA6CC7031D606751002D9F43 /* Frameworks */,
				EA6CC7041D606751002D9F43 /* Resources */,
			);
			buildRules = (
			);
			dependencies = (
				EA6CC7081D606751002D9F43 /* PBXTargetDependency */,
			);
			name = videoConvertTests;
			productName = videoConvertTests;
			productReference = EA6CC7061D606751002D9F43 /* videoConvertTests.xctest */;
			productType = "com.apple.product-type.bundle.unit-test";
		};
		EA6CC7101D606751002D9F43 /* videoConvertUITests */ = {
			isa = PBXNativeTarget;
			buildConfigurationList = EA6CC7201D606751002D9F43 /* Build configuration list for PBXNativeTarget "videoConvertUITests" */;
			buildPhases = (
				EA6CC70D1D606751002D9F43 /* Sources */,
				EA6CC70E1D606751002D9F43 /* Frameworks */,
				EA6CC70F1D606751002D9F43 /* Resources */,
			);
			buildRules = (
			);
			dependencies = (
				EA6CC7131D606751002D9F43 /* PBXTargetDependency */,
			);
			name = videoConvertUITests;
			productName = videoConvertUITests;
			productReference = EA6CC7111D606751002D9F43 /* videoConvertUITests.xctest */;
			productType = "com.apple.product-type.bundle.ui-testing";
		};
/* End PBXNativeTarget section */

/* Begin PBXProject section */
		EA6CC6E81D606751002D9F43 /* Project object */ = {
			isa = PBXProject;
			attributes = {
				LastUpgradeCheck = 0720;
				ORGANIZATIONNAME = erpapa;
				TargetAttributes = {
					EA6CC6EF1D606751002D9F43 = {
						CreatedOnToolsVersion = 7.2;
					};
					EA6CC7051D606751002D9F43 = {
						CreatedOnToolsVersion = 7.2;
						TestTargetID = EA6CC6EF1D606751002D9F43;
					};
					EA6CC7101D606751002D9F43 = {
						CreatedOnToolsVersion = 7.2;
						TestTargetID = EA6CC6EF1D606751002D9F43;
					};
				};
			};
			buildConfigurationList = EA6CC6EB1D606751002D9F43 /* Build configuration list for PBXProject "videoConvert" */;
			compatibilityVersion = "Xcode 3.2";
			developmentRegion = English;
			hasScannedForEncodings = 0;
			knownRegions = (
				en,
				Base,
			);
			mainGroup = EA6CC6E71D606751002D9F43;
			productRefGroup = EA6CC6F11D606751002D9F43 /* Products */;
			projectDirPath = "";
			projectRoot = "";
			targets = (
				EA6CC6EF1D606751002D9F43 /* videoConvert */,
				EA6CC7051D606751002D9F43 /* videoConvertTests */,
				EA6CC7101D606751002D9F43 /* videoConvertUITests */,
			);
		};
/* End PBXProject section */

/* Begin PBXResourcesBuildPhase section */
		EA6CC6EE1D606751002D9F43 /* Resources */ = {
			isa = PBXResourcesBuildPhase;
			buildActionMask = 2147483647;
			files = (
				EA6CC6FD1D606751002D9F43 /* Assets.xcassets in Resources */,
				EA6CC7001D606751002D9F43 /* Main.storyboard in Resources */,
			);
			runOnlyForDeploymentPostprocessing = 0;
		};
		EA6CC7041D606751002D9F43 /* Resources */ = {
			isa = PBXResourcesBuildPhase;
			buildActionMask = 2147483647;
			files = (
			);
			runOnlyForDeploymentPostprocessing = 0;
		};
		EA6CC70F1D606751002D9F43 /* Resources */ = {
			isa = PBXResourcesBuildPhase;
			buildActionMask = 2147483647;
			files = (
			);
			runOnlyForDeploymentPostprocessing = 0;
		};
/* End PBXResourcesBuildPhase section */

/* Begin PBXSourcesBuildPhase section */
		EA6CC6EC1D606751002D9F43 /* Sources */ = {
			isa = PBXSourcesBuildPhase;
			buildActionMask = 2147483647;
			files = (
				EA6CC6FB1D606751002D9F43 /* ViewController.m in Sources */,
				EA6CC6F81D606751002D9F43 /* main.m in Sources */,
				EA6CC6F51D606751002D9F43 /* AppDelegate.m in Sources */,
			);
			runOnlyForDeploymentPostprocessing = 0;
		};
		EA6CC7021D606751002D9F43 /* Sources */ = {
			isa = PBXSourcesBuildPhase;
			buildActionMask = 2147483647;
			files = (
				EA6CC70B1D606751002D9F43 /* videoConvertTests.m in Sources */,
			);
			runOnlyForDeploymentPostprocessing = 0;
		};
		EA6CC70D1D606751002D9F43 /* Sources */ = {
			isa = PBXSourcesBuildPhase;
			buildActionMask = 2147483647;
			files = (
				EA6CC7161D606751002D9F43 /* videoConvertUITests.m in Sources */,
			);
			runOnlyForDeploymentPostprocessing = 0;
		};
/* End PBXSourcesBuildPhase section */

/* Begin PBXTargetDependency section */
		EA6CC7081D606751002D9F43 /* PBXTargetDependency */ = {
			isa = PBXTargetDependency;
			target = EA6CC6EF1D606751002D9F43 /* videoConvert */;
			targetProxy = EA6CC7071D606751002D9F43 /* PBXContainerItemProxy */;
		};
		EA6CC7131D606751002D9F43 /* PBXTargetDependency */ = {
			isa = PBXTargetDependency;
			target = EA6CC6EF1D606751002D9F43 /* videoConvert */;
			targetProxy = EA6CC7121D606751002D9F43 /* PBXContainerItemProxy */;
		};
/* End PBXTargetDependency section */

/* Begin PBXVariantGroup section */
		EA6CC6FE1D606751002D9F43 /* Main.storyboard */ = {
			isa = PBXVariantGroup;
			children = (
				EA6CC6FF1D606751002D9F43 /* Base */,
			);
			name = Main.storyboard;
			sourceTree = "<group>";
		};
/* End PBXVariantGroup section */

/* Begin XCBuildConfiguration section */
		EA6CC7181D606751002D9F43 /* Debug */ = {
			isa = XCBuildConfiguration;
			buildSettings = {
				ALWAYS_SEARCH_USER_PATHS = NO;
				CLANG_CXX_LANGUAGE_STANDARD = "gnu++0x";
				CLANG_CXX_LIBRARY = "libc++";
				CLANG_ENABLE_MODULES = YES;
				CLANG_ENABLE_OBJC_ARC = YES;
				CLANG_WARN_BOOL_CONVERSION = YES;
				CLANG_WARN_CONSTANT_CONVERSION = YES;
				CLANG_WARN_DIRECT_OBJC_ISA_USAGE = YES_ERROR;
				CLANG_WARN_EMPTY_BODY = YES;
				CLANG_WARN_ENUM_CONVERSION = YES;
				CLANG_WARN_INT_CONVERSION = YES;
				CLANG_WARN_OBJC_ROOT_CLASS = YES_ERROR;
				CLANG_WARN_UNREACHABLE_CODE = YES;
				CLANG_WARN__DUPLICATE_METHOD_MATCH = YES;
				CODE_SIGN_IDENTITY = "-";
				COPY_PHASE_STRIP = NO;
				DEBUG_INFORMATION_FORMAT = dwarf;
				ENABLE_STRICT_OBJC_MSGSEND = YES;
				ENABLE_TESTABILITY = YES;
				GCC_C_LANGUAGE_STANDARD = gnu99;
				GCC_DYNAMIC_NO_PIC = NO;
				GCC_NO_COMMON_BLOCKS = YES;
				GCC_OPTIMIZATION_LEVEL = 0;
				GCC_PREPROCESSOR_DEFINITIONS = (
					"DEBUG=1",
					"$(inherited)",
				);
				GCC_WARN_64_TO_32_BIT_CONVERSION = YES;
				GCC_WARN_ABOUT_RETURN_TYPE = YES_ERROR;
				GCC_WARN_UNDECLARED_SELECTOR = YES;
				GCC_WARN_UNINITIALIZED_AUTOS = YES_AGGRESSIVE;
				GCC_WARN_UNUSED_FUNCTION = YES;
				GCC_WARN_UNUSED_VARIABLE = YES;
				MACOSX_DEPLOYMENT_TARGET = 10.11;
				MTL_ENABLE_DEBUG_INFO = YES;
				ONLY_ACTIVE_ARCH = YES;
				SDKROOT = macosx;
			};
			name = Debug;
		};
		EA6CC7191D606751002D9F43 /* Release */ = {
			isa = XCBuildConfiguration;
			buildSettings = {
				ALWAYS_SEARCH_USER_PATHS = NO;
				CLANG_CXX_LANGUAGE_STANDARD = "gnu++0x";
				CLANG_CXX_LIBRARY = "libc++";
				CLANG_ENABLE_MODULES = YES;
				CLANG_ENABLE_OBJC_ARC = YES;
				CLANG_WARN_BOOL_CONVERSION = YES;
				CLANG_WARN_CONSTANT_CONVERSION = YES;
				CLANG_WARN_DIRECT_OBJC_ISA_USAGE = YES_ERROR;
				CLANG_WARN_EMPTY_BODY = YES;
				CLANG_WARN_ENUM_CONVERSION = YES;
				CLANG_WARN_INT_CONVERSION = YES;
				CLANG_WARN_OBJC_ROOT_CLASS = YES_ERROR;
				CLANG_WARN_UNREACHABLE_CODE = YES;
				CLANG_WARN__DUPLICATE_METHOD_MATCH = YES;
				CODE_SIGN_IDENTITY = "-";
				COPY_PHASE_STRIP = NO;
				DEBUG_INFORMATION_FORMAT = "dwarf-with-dsym";
				ENABLE_NS_ASSERTIONS = NO;
				ENABLE_STRICT_OBJC_MSGSEND = YES;
				GCC_C_LANGUAGE_STANDARD = gnu99;
				GCC_NO_COMMON_BLOCKS = YES;
				GCC_WARN_64_TO_32_BIT_CONVERSION = YES;
				GCC_WARN_ABOUT_RETURN_TYPE = YES_ERROR;
				GCC_WARN_UNDECLARED_SELECTOR = YES;
				GCC_WARN_UNINITIALIZED_AUTOS = YES_AGGRESSIVE;
				GCC_WARN_UNUSED_FUNCTION = YES;
				GCC_WARN_UNUSED_VARIABLE = YES;
				MACOSX_DEPLOYMENT_TARGET = 10.11;
				MTL_ENABLE_DEBUG_INFO = NO;
				SDKROOT = macosx;
			};
			name = Release;
		};
		EA6CC71B1D606751002D9F43 /* Debug */ = {
			isa = XCBuildConfiguration;
			buildSettings = {
				ASSETCATALOG_COMPILER_APPICON_NAME = AppIcon;
				COMBINE_HIDPI_IMAGES = YES;
				INFOPLIST_FILE = videoConvert/Info.plist;
				LD_RUNPATH_SEARCH_PATHS = "$(inherited) @executable_path/../Frameworks";
				PRODUCT_BUNDLE_IDENTIFIER = cn.erpapa.videoConvert;
				PRODUCT_NAME = "$(TARGET_NAME)";
			};
			name = Debug;
		};
		EA6CC71C1D606751002D9F43 /* Release */ = {
			isa = XCBuildConfiguration;
			buildSettings = {
				ASSETCATALOG_COMPILER_APPICON_NAME = AppIcon;
				COMBINE_HIDPI_IMAGES = YES;
				INFOPLIST_FILE = videoConvert/Info.plist;
				LD_RUNPATH_SEARCH_PATHS = "$(inherited) @executable_path/../Frameworks";
				PRODUCT_BUNDLE_IDENTIFIER = cn.erpapa.videoConvert;
				PRODUCT_NAME = "$(TARGET_NAME)";
			};
			name = Release;
		};
		EA6CC71E1D606751002D9F43 /* Debug */ = {
			isa = XCBuildConfiguration;
			buildSettings = {
				BUNDLE_LOADER = "$(TEST_HOST)";
				COMBINE_HIDPI_IMAGES = YES;
				INFOPLIST_FILE = videoConvertTests/Info.plist;
				LD_RUNPATH_SEARCH_PATHS = "$(inherited) @executable_path/../Frameworks @loader_path/../Frameworks";
				PRODUCT_BUNDLE_IDENTIFIER = cn.erpapa.videoConvertTests;
				PRODUCT_NAME = "$(TARGET_NAME)";
				TEST_HOST = "$(BUILT_PRODUCTS_DIR)/videoConvert.app/Contents/MacOS/videoConvert";
			};
			name = Debug;
		};
		EA6CC71F1D606751002D9F43 /* Release */ = {
			isa = XCBuildConfiguration;
			buildSettings = {
				BUNDLE_LOADER = "$(TEST_HOST)";
				COMBINE_HIDPI_IMAGES = YES;
				INFOPLIST_FILE = videoConvertTests/Info.plist;
				LD_RUNPATH_SEARCH_PATHS = "$(inherited) @executable_path/../Frameworks @loader_path/../Frameworks";
				PRODUCT_BUNDLE_IDENTIFIER = cn.erpapa.videoConvertTests;
				PRODUCT_NAME = "$(TARGET_NAME)";
				TEST_HOST = "$(BUILT_PRODUCTS_DIR)/videoConvert.app/Contents/MacOS/videoConvert";
			};
			name = Release;
		};
		EA6CC7211D606751002D9F43 /* Debug */ = {
			isa = XCBuildConfiguration;
			buildSettings = {
				COMBINE_HIDPI_IMAGES = YES;
				INFOPLIST_FILE = videoConvertUITests/Info.plist;
				LD_RUNPATH_SEARCH_PATHS = "$(inherited) @executable_path/../Frameworks @loader_path/../Frameworks";
				PRODUCT_BUNDLE_IDENTIFIER = cn.erpapa.videoConvertUITests;
				PRODUCT_NAME = "$(TARGET_NAME)";
				TEST_TARGET_NAME = videoConvert;
				USES_XCTRUNNER = YES;
			};
			name = Debug;
		};
		EA6CC7221D606751002D9F43 /* Release */ = {
			isa = XCBuildConfiguration;
			buildSettings = {
				COMBINE_HIDPI_IMAGES = YES;
				INFOPLIST_FILE = videoConvertUITests/Info.plist;
				LD_RUNPATH_SEARCH_PATHS = "$(inherited) @executable_path/../Frameworks @loader_path/../Frameworks";
				PRODUCT_BUNDLE_IDENTIFIER = cn.erpapa.videoConvertUITests;
				PRODUCT_NAME = "$(TARGET_NAME)";
				TEST_TARGET_NAME = videoConvert;
				USES_XCTRUNNER = YES;
			};
			name = Release;
		};
/* End XCBuildConfiguration section */

/* Begin XCConfigurationList section */
		EA6CC6EB1D606751002D9F43 /* Build configuration list for PBXProject "videoConvert" */ = {
			isa = XCConfigurationList;
			buildConfigurations = (
				EA6CC7181D606751002D9F43 /* Debug */,
				EA6CC7191D606751002D9F43 /* Release */,
			);
			defaultConfigurationIsVisible = 0;
			defaultConfigurationName = Release;
		};
		EA6CC71A1D606751002D9F43 /* Build configuration list for PBXNativeTarget "videoConvert" */ = {
			isa = XCConfigurationList;
			buildConfigurations = (
				EA6CC71B1D606751002D9F43 /* Debug */,
				EA6CC71C1D606751002D9F43 /* Release */,
			);
			defaultConfigurationIsVisible = 0;
		};
		EA6CC71D1D606751002D9F43 /* Build configuration list for PBXNativeTarget "videoConvertTests" */ = {
			isa = XCConfigurationList;
			buildConfigurations = (
				EA6CC71E1D606751002D9F43 /* Debug */,
				EA6CC71F1D606751002D9F43 /* Release */,
			);
			defaultConfigurationIsVisible = 0;
		};
		EA6CC7201D606751002D9F43 /* Build configuration list for PBXNativeTarget "videoConvertUITests" */ = {
			isa = XCConfigurationList;
			buildConfigurations = (
				EA6CC7211D606751002D9F43 /* Debug */,
				EA6CC7221D606751002D9F43 /* Release */,
			);
			defaultConfigurationIsVisible = 0;
		};
/* End XCConfigurationList section */
	};
	rootObject = EA6CC6E81D606751002D9F43 /* Project object */;
}
